
Microsoft Visual Studio Solution File, Format Version 12.00
# Visual Studio Version 16
VisualStudioVersion = 16.0.32126.315
MinimumVisualStudioVersion = 10.0.40219.1
Project("{FAE04EC0-301F-11D3-BF4B-00C04F79EFBC}") = "MyGraphicEditor", "MyGraphicEditor\MyGraphicEditor.csproj", "{42186CD1-E03E-4EB1-8162-F4BE2B22C414}"
EndProject
Global
	GlobalSection(SolutionConfigurationPlatforms) = preSolution
		Debug|Any CPU = Debug|Any CPU
		Release|Any CPU = Release|Any CPU
	EndGlobalSection
	GlobalSection(ProjectConfigurationPlatforms) = postSolution
		{42186CD1-E03E-4EB1-8162-F4BE2B22C414}.Debug|Any CPU.ActiveCfg = Debug|Any CPU
		{42186CD1-E03E-4EB1-8162-F4BE2B22C414}.Debug|Any CPU.Build.0 = Debug|Any CPU
		{42186CD1-E03E-4EB1-8162-F4BE2B22C414}.Release|Any CPU.ActiveCfg = Release|Any CPU
		{42186CD1-E03E-4EB1-8162-F4BE2B22C414}.Release|Any CPU.Build.0 = Release|Any CPU
	EndGlobalSection
	GlobalSection(SolutionProperties) = preSolution
		HideSolutionNode = FALSE
	EndGlobalSection
	GlobalSection(ExtensibilityGlobals) = postSolution
		SolutionGuid = {63C4C340-F51A-4155-BC7C-87C4EF8484B9}
	EndGlobalSection
EndGlobal
